
Microsoft Visual Studio Solution File, Format Version 12.00
# Visual Studio Version 17
VisualStudioVersion = 17.14.36414.22 d17.14
MinimumVisualStudioVersion = 10.0.40219.1
Project("{FAE04EC0-301F-11D3-BF4B-00C04F79EFBC}") = "ContractBudgetApi", "ContractBudgetApi\ContractBudgetApi.csproj", "{D56E2AB0-72B7-4089-B5EC-B32EBCFD923A}"
EndProject
Global
	GlobalSection(SolutionConfigurationPlatforms) = preSolution
		Debug|Any CPU = Debug|Any CPU
		Release|Any CPU = Release|Any CPU
	EndGlobalSection
	GlobalSection(ProjectConfigurationPlatforms) = postSolution
		{D56E2AB0-72B7-4089-B5EC-B32EBCFD923A}.Debug|Any CPU.ActiveCfg = Debug|Any CPU
		{D56E2AB0-72B7-4089-B5EC-B32EBCFD923A}.Debug|Any CPU.Build.0 = Debug|Any CPU
		{D56E2AB0-72B7-4089-B5EC-B32EBCFD923A}.Release|Any CPU.ActiveCfg = Release|Any CPU
		{D56E2AB0-72B7-4089-B5EC-B32EBCFD923A}.Release|Any CPU.Build.0 = Release|Any CPU
	EndGlobalSection
	GlobalSection(SolutionProperties) = preSolution
		HideSolutionNode = FALSE
	EndGlobalSection
	GlobalSection(ExtensibilityGlobals) = postSolution
		SolutionGuid = {B997AA32-6E0A-4959-9A60-C54D44091CF6}
	EndGlobalSection
EndGlobal
